Microsoft Visual Studio Solution File, Format Version 12.00
# Visual Studio Version 17
VisualStudioVersion = 17.5.2.0
MinimumVisualStudioVersion = 10.0.40219.1
Project("{FAE04EC0-301F-11D3-BF4B-00C04F79EFBC}") = "TaskFlowAPI", "TaskFlowAPI\TaskFlowAPI.csproj", "{55D9A077-10DA-CE87-12D3-5163F52481E7}"
EndProject
Project("{FAE04EC0-301F-11D3-BF4B-00C04F79EFBC}") = "TaskFlowData", "TaskFlowData\TaskFlowData.csproj", "{A2887C03-4E74-CC8B-12CD-14DF9A706A2B}"
EndProject
Global
	GlobalSection(SolutionConfigurationPlatforms) = preSolution
		Debug|Any CPU = Debug|Any CPU
		Release|Any CPU = Release|Any CPU
	EndGlobalSection
	GlobalSection(ProjectConfigurationPlatforms) = postSolution
		{55D9A077-10DA-CE87-12D3-5163F52481E7}.Debug|Any CPU.ActiveCfg = Debug|Any CPU
		{55D9A077-10DA-CE87-12D3-5163F52481E7}.Debug|Any CPU.Build.0 = Debug|Any CPU
		{55D9A077-10DA-CE87-12D3-5163F52481E7}.Release|Any CPU.ActiveCfg = Release|Any CPU
		{55D9A077-10DA-CE87-12D3-5163F52481E7}.Release|Any CPU.Build.0 = Release|Any CPU
		{A2887C03-4E74-CC8B-12CD-14DF9A706A2B}.Debug|Any CPU.ActiveCfg = Debug|Any CPU
		{A2887C03-4E74-CC8B-12CD-14DF9A706A2B}.Debug|Any CPU.Build.0 = Debug|Any CPU
		{A2887C03-4E74-CC8B-12CD-14DF9A706A2B}.Release|Any CPU.ActiveCfg = Release|Any CPU
		{A2887C03-4E74-CC8B-12CD-14DF9A706A2B}.Release|Any CPU.Build.0 = Release|Any CPU
	EndGlobalSection
	GlobalSection(SolutionProperties) = preSolution
		HideSolutionNode = FALSE
	EndGlobalSection
	GlobalSection(ExtensibilityGlobals) = postSolution
		SolutionGuid = {2BE1C8FC-3FFA-480F-87C3-97C384054A16}
	EndGlobalSection
EndGlobal
