
Microsoft Visual Studio Solution File, Format Version 12.00
# Visual Studio Version 17
VisualStudioVersion = 17.5.2.0
MinimumVisualStudioVersion = 10.0.40219.1
Project("{FAE04EC0-301F-11D3-BF4B-00C04F79EFBC}") = "TaskFlowAPI", "TaskFlowAPI\TaskFlowAPI.csproj", "{55D9A077-10DA-CE87-12D3-5163F52481E7}"
EndProject
Project("{FAE04EC0-301F-11D3-BF4B-00C04F79EFBC}") = "TaskFlow.Application", "TaskFlow.Application\TaskFlow.Application.csproj", "{1C53B3C7-D6CB-4206-B4AB-B09343B2FFF1}"
EndProject
Project("{FAE04EC0-301F-11D3-BF4B-00C04F79EFBC}") = "TaskFlow.Domain", "TaskFlow.Domain\TaskFlow.Domain.csproj", "{09CFD5DB-65E8-436C-A628-F9DD40A89C2E}"
EndProject
Project("{FAE04EC0-301F-11D3-BF4B-00C04F79EFBC}") = "TaskFlow.Infrastructure", "TaskFlow.Infrastructure\TaskFlow.Infrastructure.csproj", "{7364BD6D-292E-45CD-84A6-CC5F41548081}"
EndProject
Project("{FAE04EC0-301F-11D3-BF4B-00C04F79EFBC}") = "TaskFlow.Shared", "TaskFlow.Shared\TaskFlow.Shared.csproj", "{CCDE0F95-9C06-4857-B921-56798291633C}"
EndProject
Project("{FAE04EC0-301F-11D3-BF4B-00C04F79EFBC}") = "TaskFlow.Web.Client", "TaskFlow.Web.Client\TaskFlow.Web.Client.csproj", "{0700AC77-FF3A-467F-BB30-97695E9A5EFD}"
EndProject
Global
	GlobalSection(SolutionConfigurationPlatforms) = preSolution
		Debug|Any CPU = Debug|Any CPU
		Debug|x64 = Debug|x64
		Debug|x86 = Debug|x86
		Release|Any CPU = Release|Any CPU
		Release|x64 = Release|x64
		Release|x86 = Release|x86
	EndGlobalSection
	GlobalSection(ProjectConfigurationPlatforms) = postSolution
		{55D9A077-10DA-CE87-12D3-5163F52481E7}.Debug|Any CPU.ActiveCfg = Debug|Any CPU
		{55D9A077-10DA-CE87-12D3-5163F52481E7}.Debug|Any CPU.Build.0 = Debug|Any CPU
		{55D9A077-10DA-CE87-12D3-5163F52481E7}.Debug|x64.ActiveCfg = Debug|Any CPU
		{55D9A077-10DA-CE87-12D3-5163F52481E7}.Debug|x64.Build.0 = Debug|Any CPU
		{55D9A077-10DA-CE87-12D3-5163F52481E7}.Debug|x86.ActiveCfg = Debug|Any CPU
		{55D9A077-10DA-CE87-12D3-5163F52481E7}.Debug|x86.Build.0 = Debug|Any CPU
		{55D9A077-10DA-CE87-12D3-5163F52481E7}.Release|Any CPU.ActiveCfg = Release|Any CPU
		{55D9A077-10DA-CE87-12D3-5163F52481E7}.Release|Any CPU.Build.0 = Release|Any CPU
		{55D9A077-10DA-CE87-12D3-5163F52481E7}.Release|x64.ActiveCfg = Release|Any CPU
		{55D9A077-10DA-CE87-12D3-5163F52481E7}.Release|x64.Build.0 = Release|Any CPU
		{55D9A077-10DA-CE87-12D3-5163F52481E7}.Release|x86.ActiveCfg = Release|Any CPU
		{55D9A077-10DA-CE87-12D3-5163F52481E7}.Release|x86.Build.0 = Release|Any CPU
		{1C53B3C7-D6CB-4206-B4AB-B09343B2FFF1}.Debug|Any CPU.ActiveCfg = Debug|Any CPU
		{1C53B3C7-D6CB-4206-B4AB-B09343B2FFF1}.Debug|Any CPU.Build.0 = Debug|Any CPU
		{1C53B3C7-D6CB-4206-B4AB-B09343B2FFF1}.Debug|x64.ActiveCfg = Debug|Any CPU
		{1C53B3C7-D6CB-4206-B4AB-B09343B2FFF1}.Debug|x64.Build.0 = Debug|Any CPU
		{1C53B3C7-D6CB-4206-B4AB-B09343B2FFF1}.Debug|x86.ActiveCfg = Debug|Any CPU
		{1C53B3C7-D6CB-4206-B4AB-B09343B2FFF1}.Debug|x86.Build.0 = Debug|Any CPU
		{1C53B3C7-D6CB-4206-B4AB-B09343B2FFF1}.Release|Any CPU.ActiveCfg = Release|Any CPU
		{1C53B3C7-D6CB-4206-B4AB-B09343B2FFF1}.Release|Any CPU.Build.0 = Release|Any CPU
		{1C53B3C7-D6CB-4206-B4AB-B09343B2FFF1}.Release|x64.ActiveCfg = Release|Any CPU
		{1C53B3C7-D6CB-4206-B4AB-B09343B2FFF1}.Release|x64.Build.0 = Release|Any CPU
		{1C53B3C7-D6CB-4206-B4AB-B09343B2FFF1}.Release|x86.ActiveCfg = Release|Any CPU
		{1C53B3C7-D6CB-4206-B4AB-B09343B2FFF1}.Release|x86.Build.0 = Release|Any CPU
		{09CFD5DB-65E8-436C-A628-F9DD40A89C2E}.Debug|Any CPU.ActiveCfg = Debug|Any CPU
		{09CFD5DB-65E8-436C-A628-F9DD40A89C2E}.Debug|Any CPU.Build.0 = Debug|Any CPU
		{09CFD5DB-65E8-436C-A628-F9DD40A89C2E}.Debug|x64.ActiveCfg = Debug|Any CPU
		{09CFD5DB-65E8-436C-A628-F9DD40A89C2E}.Debug|x64.Build.0 = Debug|Any CPU
		{09CFD5DB-65E8-436C-A628-F9DD40A89C2E}.Debug|x86.ActiveCfg = Debug|Any CPU
		{09CFD5DB-65E8-436C-A628-F9DD40A89C2E}.Debug|x86.Build.0 = Debug|Any CPU
		{09CFD5DB-65E8-436C-A628-F9DD40A89C2E}.Release|Any CPU.ActiveCfg = Release|Any CPU
		{09CFD5DB-65E8-436C-A628-F9DD40A89C2E}.Release|Any CPU.Build.0 = Release|Any CPU
		{09CFD5DB-65E8-436C-A628-F9DD40A89C2E}.Release|x64.ActiveCfg = Release|Any CPU
		{09CFD5DB-65E8-436C-A628-F9DD40A89C2E}.Release|x64.Build.0 = Release|Any CPU
		{09CFD5DB-65E8-436C-A628-F9DD40A89C2E}.Release|x86.ActiveCfg = Release|Any CPU
		{09CFD5DB-65E8-436C-A628-F9DD40A89C2E}.Release|x86.Build.0 = Release|Any CPU
		{7364BD6D-292E-45CD-84A6-CC5F41548081}.Debug|Any CPU.ActiveCfg = Debug|Any CPU
		{7364BD6D-292E-45CD-84A6-CC5F41548081}.Debug|Any CPU.Build.0 = Debug|Any CPU
		{7364BD6D-292E-45CD-84A6-CC5F41548081}.Debug|x64.ActiveCfg = Debug|Any CPU
		{7364BD6D-292E-45CD-84A6-CC5F41548081}.Debug|x64.Build.0 = Debug|Any CPU
		{7364BD6D-292E-45CD-84A6-CC5F41548081}.Debug|x86.ActiveCfg = Debug|Any CPU
		{7364BD6D-292E-45CD-84A6-CC5F41548081}.Debug|x86.Build.0 = Debug|Any CPU
		{7364BD6D-292E-45CD-84A6-CC5F41548081}.Release|Any CPU.ActiveCfg = Release|Any CPU
		{7364BD6D-292E-45CD-84A6-CC5F41548081}.Release|Any CPU.Build.0 = Release|Any CPU
		{7364BD6D-292E-45CD-84A6-CC5F41548081}.Release|x64.ActiveCfg = Release|Any CPU
		{7364BD6D-292E-45CD-84A6-CC5F41548081}.Release|x64.Build.0 = Release|Any CPU
		{7364BD6D-292E-45CD-84A6-CC5F41548081}.Release|x86.ActiveCfg = Release|Any CPU
		{7364BD6D-292E-45CD-84A6-CC5F41548081}.Release|x86.Build.0 = Release|Any CPU
		{CCDE0F95-9C06-4857-B921-56798291633C}.Debug|Any CPU.ActiveCfg = Debug|Any CPU
		{CCDE0F95-9C06-4857-B921-56798291633C}.Debug|Any CPU.Build.0 = Debug|Any CPU
		{CCDE0F95-9C06-4857-B921-56798291633C}.Debug|x64.ActiveCfg = Debug|Any CPU
		{CCDE0F95-9C06-4857-B921-56798291633C}.Debug|x64.Build.0 = Debug|Any CPU
		{CCDE0F95-9C06-4857-B921-56798291633C}.Debug|x86.ActiveCfg = Debug|Any CPU
		{CCDE0F95-9C06-4857-B921-56798291633C}.Debug|x86.Build.0 = Debug|Any CPU
		{CCDE0F95-9C06-4857-B921-56798291633C}.Release|Any CPU.ActiveCfg = Release|Any CPU
		{CCDE0F95-9C06-4857-B921-56798291633C}.Release|Any CPU.Build.0 = Release|Any CPU
		{CCDE0F95-9C06-4857-B921-56798291633C}.Release|x64.ActiveCfg = Release|Any CPU
		{CCDE0F95-9C06-4857-B921-56798291633C}.Release|x64.Build.0 = Release|Any CPU
		{CCDE0F95-9C06-4857-B921-56798291633C}.Release|x86.ActiveCfg = Release|Any CPU
		{CCDE0F95-9C06-4857-B921-56798291633C}.Release|x86.Build.0 = Release|Any CPU
		{0700AC77-FF3A-467F-BB30-97695E9A5EFD}.Debug|Any CPU.ActiveCfg = Debug|Any CPU
		{0700AC77-FF3A-467F-BB30-97695E9A5EFD}.Debug|Any CPU.Build.0 = Debug|Any CPU
		{0700AC77-FF3A-467F-BB30-97695E9A5EFD}.Debug|x64.ActiveCfg = Debug|Any CPU
		{0700AC77-FF3A-467F-BB30-97695E9A5EFD}.Debug|x64.Build.0 = Debug|Any CPU
		{0700AC77-FF3A-467F-BB30-97695E9A5EFD}.Debug|x86.ActiveCfg = Debug|Any CPU
		{0700AC77-FF3A-467F-BB30-97695E9A5EFD}.Debug|x86.Build.0 = Debug|Any CPU
		{0700AC77-FF3A-467F-BB30-97695E9A5EFD}.Release|Any CPU.ActiveCfg = Release|Any CPU
		{0700AC77-FF3A-467F-BB30-97695E9A5EFD}.Release|Any CPU.Build.0 = Release|Any CPU
		{0700AC77-FF3A-467F-BB30-97695E9A5EFD}.Release|x64.ActiveCfg = Release|Any CPU
		{0700AC77-FF3A-467F-BB30-97695E9A5EFD}.Release|x64.Build.0 = Release|Any CPU
		{0700AC77-FF3A-467F-BB30-97695E9A5EFD}.Release|x86.ActiveCfg = Release|Any CPU
		{0700AC77-FF3A-467F-BB30-97695E9A5EFD}.Release|x86.Build.0 = Release|Any CPU
	EndGlobalSection
	GlobalSection(SolutionProperties) = preSolution
		HideSolutionNode = FALSE
	EndGlobalSection
	GlobalSection(ExtensibilityGlobals) = postSolution
		SolutionGuid = {2BE1C8FC-3FFA-480F-87C3-97C384054A16}
	EndGlobalSection
EndGlobal
